
Microsoft Visual Studio Solution File, Format Version 12.00
# Visual Studio 14
VisualStudioVersion = 14.0.25420.1
MinimumVisualStudioVersion = 10.0.40219.1
Project("{FAE04EC0-301F-11D3-BF4B-00C04F79EFBC}") = "VSTDA.API", "VSTDA.API\VSTDA.API.csproj", "{0FFDA7A5-1FCD-4963-A514-0BC402CD6309}"
EndProject
Project("{FAE04EC0-301F-11D3-BF4B-00C04F79EFBC}") = "VSTDA.API.Tests", "VSTDA.API.Tests\VSTDA.API.Tests.csproj", "{CC8BBEC2-3526-49A9-8F91-825925C7146E}"
EndProject
Global
	GlobalSection(SolutionConfigurationPlatforms) = preSolution
		Debug|Any CPU = Debug|Any CPU
		Release|Any CPU = Release|Any CPU
	EndGlobalSection
	GlobalSection(ProjectConfigurationPlatforms) = postSolution
		{0FFDA7A5-1FCD-4963-A514-0BC402CD6309}.Debug|Any CPU.ActiveCfg = Debug|Any CPU
		{0FFDA7A5-1FCD-4963-A514-0BC402CD6309}.Debug|Any CPU.Build.0 = Debug|Any CPU
		{0FFDA7A5-1FCD-4963-A514-0BC402CD6309}.Release|Any CPU.ActiveCfg = Release|Any CPU
		{0FFDA7A5-1FCD-4963-A514-0BC402CD6309}.Release|Any CPU.Build.0 = Release|Any CPU
		{CC8BBEC2-3526-49A9-8F91-825925C7146E}.Debug|Any CPU.ActiveCfg = Debug|Any CPU
		{CC8BBEC2-3526-49A9-8F91-825925C7146E}.Debug|Any CPU.Build.0 = Debug|Any CPU
		{CC8BBEC2-3526-49A9-8F91-825925C7146E}.Release|Any CPU.ActiveCfg = Release|Any CPU
		{CC8BBEC2-3526-49A9-8F91-825925C7146E}.Release|Any CPU.Build.0 = Release|Any CPU
	EndGlobalSection
	GlobalSection(SolutionProperties) = preSolution
		HideSolutionNode = FALSE
	EndGlobalSection
EndGlobal
